
Microsoft Visual Studio Solution File, Format Version 12.00
# Visual Studio 15
VisualStudioVersion = 15.0.27130.2020
MinimumVisualStudioVersion = 10.0.40219.1
Project("{FAE04EC0-301F-11D3-BF4B-00C04F79EFBC}") = "SubLCD", "SubLCD\SubLCD.csproj", "{BAC89A52-5B2B-4E02-9CA3-3DD2CFE8A1CF}"
EndProject
Global
	GlobalSection(SolutionConfigurationPlatforms) = preSolution
		Debug|Any CPU = Debug|Any CPU
		Release|Any CPU = Release|Any CPU
	EndGlobalSection
	GlobalSection(ProjectConfigurationPlatforms) = postSolution
		{BAC89A52-5B2B-4E02-9CA3-3DD2CFE8A1CF}.Debug|Any CPU.ActiveCfg = Debug|Any CPU
		{BAC89A52-5B2B-4E02-9CA3-3DD2CFE8A1CF}.Debug|Any CPU.Build.0 = Debug|Any CPU
		{BAC89A52-5B2B-4E02-9CA3-3DD2CFE8A1CF}.Release|Any CPU.ActiveCfg = Release|Any CPU
		{BAC89A52-5B2B-4E02-9CA3-3DD2CFE8A1CF}.Release|Any CPU.Build.0 = Release|Any CPU
	EndGlobalSection
	GlobalSection(SolutionProperties) = preSolution
		HideSolutionNode = FALSE
	EndGlobalSection
EndGlobal
